
Microsoft Visual Studio Solution File, Format Version 12.00
# Visual Studio Version 16
VisualStudioVersion = 16.0.29613.14
MinimumVisualStudioVersion = 10.0.40219.1
Project("{FAE04EC0-301F-11D3-BF4B-00C04F79EFBC}") = "chatapp", "chatapp\chatapp.csproj", "{10DCFA3C-98A6-419F-A5AD-6970209B065E}"
EndProject
Global
	GlobalSection(SolutionConfigurationPlatforms) = preSolution
		Debug|Any CPU = Debug|Any CPU
		Release|Any CPU = Release|Any CPU
	EndGlobalSection
	GlobalSection(ProjectConfigurationPlatforms) = postSolution
		{10DCFA3C-98A6-419F-A5AD-6970209B065E}.Debug|Any CPU.ActiveCfg = Debug|Any CPU
		{10DCFA3C-98A6-419F-A5AD-6970209B065E}.Debug|Any CPU.Build.0 = Debug|Any CPU
		{10DCFA3C-98A6-419F-A5AD-6970209B065E}.Release|Any CPU.ActiveCfg = Release|Any CPU
		{10DCFA3C-98A6-419F-A5AD-6970209B065E}.Release|Any CPU.Build.0 = Release|Any CPU
	EndGlobalSection
	GlobalSection(SolutionProperties) = preSolution
		HideSolutionNode = FALSE
	EndGlobalSection
	GlobalSection(ExtensibilityGlobals) = postSolution
		SolutionGuid = {D3DD04E2-B340-44CE-83F4-D4B4265AB50A}
	EndGlobalSection
EndGlobal
